<Solution>
  <Folder Name="/ExLista03/">
    <Project Path="Ex31/Ex31.csproj" Id="0fba9418-9e72-432e-925e-c03b2c7a76b9" />
    <Project Path="Ex32/Ex32.csproj" Id="fc57925a-c20e-42c5-833c-544f77ab71d2" />
    <Project Path="Ex33/Ex33.csproj" Id="6bdea171-7df5-4593-85b2-2832d164028e" />
    <Project Path="ex34/ex34.csproj" Id="05c77a45-c8cc-407c-9889-ab6f792792dc" />
  </Folder>
  <Folder Name="/Material/">
    <Project Path="OlaMundo/OlaMundo.csproj" />
    <Project Path="SaidaDeValoresTabuada/SaidaDeValoresTabuada.csproj" Id="420fd0a8-c583-4c82-bd2f-6deb43c8702e" />
  </Folder>
  <Project Path="ex35/ex35.csproj" Id="80c7ece9-2c47-46a0-abca-5f68d52cd3df" />
  <Project Path="ex36/ex36.csproj" Id="66206f87-a712-44aa-8a05-bde06149e9a3" />
  <Project Path="ex37/ex37.csproj" Id="ef6dd803-bada-4a83-9641-225baadc81e2" />
  <Project Path="ex38/ex38.csproj" Id="74bf9413-0e3b-4ff8-a5a3-d8d28b2aceb9" />
</Solution>
