<Solution>
  <Folder Name="/ExLista03/">
    <Project Path="Ex31/Ex31.csproj" Id="0fba9418-9e72-432e-925e-c03b2c7a76b9" />
  </Folder>
  <Folder Name="/Material/">
    <Project Path="OlaMundo/OlaMundo.csproj" />
    <Project Path="SaidaDeValoresTabuada/SaidaDeValoresTabuada.csproj" Id="420fd0a8-c583-4c82-bd2f-6deb43c8702e" />
  </Folder>
</Solution>
